
Microsoft Visual Studio Solution File, Format Version 12.00
# Visual Studio Version 17
VisualStudioVersion = 17.14.36804.6
MinimumVisualStudioVersion = 10.0.40219.1
Project("{FAE04EC0-301F-11D3-BF4B-00C04F79EFBC}") = "Milkman2", "Milkman2.csproj", "{B7889C29-38B7-41EA-8E9D-D704C9A85EC3}"
EndProject
Global
	GlobalSection(SolutionConfigurationPlatforms) = preSolution
		Debug|Any CPU = Debug|Any CPU
		Release|Any CPU = Release|Any CPU
	EndGlobalSection
	GlobalSection(ProjectConfigurationPlatforms) = postSolution
		{B7889C29-38B7-41EA-8E9D-D704C9A85EC3}.Debug|Any CPU.ActiveCfg = Debug|Any CPU
		{B7889C29-38B7-41EA-8E9D-D704C9A85EC3}.Debug|Any CPU.Build.0 = Debug|Any CPU
		{B7889C29-38B7-41EA-8E9D-D704C9A85EC3}.Debug|Any CPU.Deploy.0 = Debug|Any CPU
		{B7889C29-38B7-41EA-8E9D-D704C9A85EC3}.Release|Any CPU.ActiveCfg = Release|Any CPU
		{B7889C29-38B7-41EA-8E9D-D704C9A85EC3}.Release|Any CPU.Build.0 = Release|Any CPU
		{B7889C29-38B7-41EA-8E9D-D704C9A85EC3}.Release|Any CPU.Deploy.0 = Release|Any CPU
	EndGlobalSection
	GlobalSection(SolutionProperties) = preSolution
		HideSolutionNode = FALSE
	EndGlobalSection
	GlobalSection(ExtensibilityGlobals) = postSolution
		SolutionGuid = {B10EBD94-B4E2-43F2-8BD8-8501D9C8FCB1}
	EndGlobalSection
EndGlobal
